hash: e577a4d150255065e977967ad5fd0f68343b64ec0054cdd66247c9374b25928d
updated: 2017-08-04T17:55:23.090065922+08:00
imports:
- name: github.com/beatrichartz/martini-sockets
  version: 3eafc7b6445cc1405ff4911e1c5bca4878540eba
- name: github.com/codegangsta/inject
  version: 33e0aa1cb7c019ccc3fbe049a8262a6403d30504
- name: github.com/go-martini/martini
  version: 22fa46961aabd2665cf3f1343b146d20028f5071
- name: github.com/go-xorm/builder
  version: c8871c857d2555fbfbd8524f895be5386d3d8836
- name: github.com/go-xorm/core
  version: e9b7412d750de4920b1c7b3ede5a98fd76d38308
- name: github.com/go-xorm/xorm
  version: 78795d8f1385c80d5229435a13ef71d4e30435a6
- name: github.com/gorilla/websocket
  version: ea4d1f681babbce9545c9c5f3d5194a789c89f5b
- name: github.com/martini-contrib/cors
  version: 553b9208d353a39b0850c02355f478ba020c86d7
- name: github.com/martini-contrib/render
  version: ec18f8345a1181146728238980606fb1d6f40e8c
- name: github.com/mattn/go-sqlite3
  version: 47fc4e5e9153645da45af6a86a5bce95e63a0f9e
- name: github.com/oxtoacart/bpool
  version: 4e1c5567d7c2dd59fa4c7c83d34c2f3528b025d6
- name: golang.org/x/net
  version: f01ecb60fe3835d80d9a0b7b2bf24b228c89260e
  subpackages:
  - context
- name: gopkg.in/yaml.v2
  version: 1be3d31502d6eabc0dd7ce5b0daab022e14a5538
testImports: []
